{
  "name": "Pedestrain_Volume_app",
  "lockfileVersion": 3,
  "requires": true,
  "packages": {
    "": {
      "dependencies": {
        "logrocket": "^10.1.1"
      }
    },
    "node_modules/logrocket": {
      "version": "10.1.1",
      "resolved": "https://registry.npmjs.org/logrocket/-/logrocket-10.1.1.tgz",
      "integrity": "sha512-Yv3ociIxbYxyY5sevTHS+I4ngtvQK6SGeeOBgg/X2R1hyqeHOPXTmrNUSu1+bG9g96VF0aR0rcyNwXDfuUFAtQ==",
      "license": "MIT"
    }
  }
}
